
Microsoft Visual Studio Solution File, Format Version 12.00
# Visual Studio Version 17
VisualStudioVersion = 17.0.31903.59
MinimumVisualStudioVersion = 10.0.40219.1
Project("{2150E333-8FDC-42A3-9474-1A3956D46DE8}") = "server", "server", "{ECA05A2F-0776-4ACB-8AFB-739B07C9CDDC}"
EndProject
Project("{FAE04EC0-301F-11D3-BF4B-00C04F79EFBC}") = "api", "server\api\api.csproj", "{4DF612A4-2051-4EDA-AA3B-4A6C0E116794}"
EndProject
Project("{FAE04EC0-301F-11D3-BF4B-00C04F79EFBC}") = "service", "server\service\service.csproj", "{068F0C73-7390-4DCE-934A-8819390B6C95}"
EndProject
Project("{FAE04EC0-301F-11D3-BF4B-00C04F79EFBC}") = "dataAccess", "server\dataAccess\dataAccess.csproj", "{487649B8-8242-4813-809F-220A3A4D71F7}"
EndProject
Project("{FAE04EC0-301F-11D3-BF4B-00C04F79EFBC}") = "ApiTest", "ApiTest\ApiTest.csproj", "{D6A0AD4C-88BE-4F2B-B0B5-718AD0A0C2D9}"
EndProject
Project("{FAE04EC0-301F-11D3-BF4B-00C04F79EFBC}") = "ValidatorTest", "server\ValidatorTest\ValidatorTest.csproj", "{2B879B25-C042-4039-A8A2-67B11F10A193}"
EndProject
Global
	GlobalSection(SolutionConfigurationPlatforms) = preSolution
		Debug|Any CPU = Debug|Any CPU
		Release|Any CPU = Release|Any CPU
	EndGlobalSection
	GlobalSection(SolutionProperties) = preSolution
		HideSolutionNode = FALSE
	EndGlobalSection
	GlobalSection(ProjectConfigurationPlatforms) = postSolution
		{4DF612A4-2051-4EDA-AA3B-4A6C0E116794}.Debug|Any CPU.ActiveCfg = Debug|Any CPU
		{4DF612A4-2051-4EDA-AA3B-4A6C0E116794}.Debug|Any CPU.Build.0 = Debug|Any CPU
		{4DF612A4-2051-4EDA-AA3B-4A6C0E116794}.Release|Any CPU.ActiveCfg = Release|Any CPU
		{4DF612A4-2051-4EDA-AA3B-4A6C0E116794}.Release|Any CPU.Build.0 = Release|Any CPU
		{068F0C73-7390-4DCE-934A-8819390B6C95}.Debug|Any CPU.ActiveCfg = Debug|Any CPU
		{068F0C73-7390-4DCE-934A-8819390B6C95}.Debug|Any CPU.Build.0 = Debug|Any CPU
		{068F0C73-7390-4DCE-934A-8819390B6C95}.Release|Any CPU.ActiveCfg = Release|Any CPU
		{068F0C73-7390-4DCE-934A-8819390B6C95}.Release|Any CPU.Build.0 = Release|Any CPU
		{487649B8-8242-4813-809F-220A3A4D71F7}.Debug|Any CPU.ActiveCfg = Debug|Any CPU
		{487649B8-8242-4813-809F-220A3A4D71F7}.Debug|Any CPU.Build.0 = Debug|Any CPU
		{487649B8-8242-4813-809F-220A3A4D71F7}.Release|Any CPU.ActiveCfg = Release|Any CPU
		{487649B8-8242-4813-809F-220A3A4D71F7}.Release|Any CPU.Build.0 = Release|Any CPU
		{D6A0AD4C-88BE-4F2B-B0B5-718AD0A0C2D9}.Debug|Any CPU.ActiveCfg = Debug|Any CPU
		{D6A0AD4C-88BE-4F2B-B0B5-718AD0A0C2D9}.Debug|Any CPU.Build.0 = Debug|Any CPU
		{D6A0AD4C-88BE-4F2B-B0B5-718AD0A0C2D9}.Release|Any CPU.ActiveCfg = Release|Any CPU
		{D6A0AD4C-88BE-4F2B-B0B5-718AD0A0C2D9}.Release|Any CPU.Build.0 = Release|Any CPU
		{2B879B25-C042-4039-A8A2-67B11F10A193}.Debug|Any CPU.ActiveCfg = Debug|Any CPU
		{2B879B25-C042-4039-A8A2-67B11F10A193}.Debug|Any CPU.Build.0 = Debug|Any CPU
		{2B879B25-C042-4039-A8A2-67B11F10A193}.Release|Any CPU.ActiveCfg = Release|Any CPU
		{2B879B25-C042-4039-A8A2-67B11F10A193}.Release|Any CPU.Build.0 = Release|Any CPU
	EndGlobalSection
	GlobalSection(NestedProjects) = preSolution
		{4DF612A4-2051-4EDA-AA3B-4A6C0E116794} = {ECA05A2F-0776-4ACB-8AFB-739B07C9CDDC}
		{068F0C73-7390-4DCE-934A-8819390B6C95} = {ECA05A2F-0776-4ACB-8AFB-739B07C9CDDC}
		{487649B8-8242-4813-809F-220A3A4D71F7} = {ECA05A2F-0776-4ACB-8AFB-739B07C9CDDC}
	EndGlobalSection
EndGlobal
